
Microsoft Visual Studio Solution File, Format Version 12.00
# Visual Studio 15
VisualStudioVersion = 15.0.27428.2037
MinimumVisualStudioVersion = 10.0.40219.1
Project("{FAE04EC0-301F-11D3-BF4B-00C04F79EFBC}") = "Task6.UI", "Task6.UI\Task6.UI.csproj", "{E868B31C-98AB-4A36-A0C6-1C301568BC92}"
EndProject
Project("{FAE04EC0-301F-11D3-BF4B-00C04F79EFBC}") = "Task6.BLL", "Task6.BLL\Task6.BLL.csproj", "{E6AADD48-9485-4D47-AD0D-2413F5E7011B}"
EndProject
Project("{FAE04EC0-301F-11D3-BF4B-00C04F79EFBC}") = "Task6.BLL.Tests", "Task6.BLL.Tests\Task6.BLL.Tests.csproj", "{0BC04731-F0FA-47D9-B474-7C0EF18FFA51}"
EndProject
Global
	GlobalSection(SolutionConfigurationPlatforms) = preSolution
		Debug|Any CPU = Debug|Any CPU
		Release|Any CPU = Release|Any CPU
	EndGlobalSection
	GlobalSection(ProjectConfigurationPlatforms) = postSolution
		{E868B31C-98AB-4A36-A0C6-1C301568BC92}.Debug|Any CPU.ActiveCfg = Debug|Any CPU
		{E868B31C-98AB-4A36-A0C6-1C301568BC92}.Debug|Any CPU.Build.0 = Debug|Any CPU
		{E868B31C-98AB-4A36-A0C6-1C301568BC92}.Release|Any CPU.ActiveCfg = Release|Any CPU
		{E868B31C-98AB-4A36-A0C6-1C301568BC92}.Release|Any CPU.Build.0 = Release|Any CPU
		{E6AADD48-9485-4D47-AD0D-2413F5E7011B}.Debug|Any CPU.ActiveCfg = Debug|Any CPU
		{E6AADD48-9485-4D47-AD0D-2413F5E7011B}.Debug|Any CPU.Build.0 = Debug|Any CPU
		{E6AADD48-9485-4D47-AD0D-2413F5E7011B}.Release|Any CPU.ActiveCfg = Release|Any CPU
		{E6AADD48-9485-4D47-AD0D-2413F5E7011B}.Release|Any CPU.Build.0 = Release|Any CPU
		{0BC04731-F0FA-47D9-B474-7C0EF18FFA51}.Debug|Any CPU.ActiveCfg = Debug|Any CPU
		{0BC04731-F0FA-47D9-B474-7C0EF18FFA51}.Debug|Any CPU.Build.0 = Debug|Any CPU
		{0BC04731-F0FA-47D9-B474-7C0EF18FFA51}.Release|Any CPU.ActiveCfg = Release|Any CPU
		{0BC04731-F0FA-47D9-B474-7C0EF18FFA51}.Release|Any CPU.Build.0 = Release|Any CPU
	EndGlobalSection
	GlobalSection(SolutionProperties) = preSolution
		HideSolutionNode = FALSE
	EndGlobalSection
	GlobalSection(ExtensibilityGlobals) = postSolution
		SolutionGuid = {FC15B9B0-9738-492D-86AF-A783EDD6C416}
	EndGlobalSection
EndGlobal
